github.com/vsmoraes/go-dispatcher v0.0.0-20191008152518-7aa9e95473ac h1:cYY5C+Mv6I8jFAAdcLApmX8cOhtueAvvpSciyL6Qfvg=
github.com/vsmoraes/go-dispatcher v0.0.0-20191008152518-7aa9e95473ac/go.mod h1:q0Ukz4OPIbQKUl9O54VL4igJbSiwHURDK+uF4jIWl88=
github.com/vsmoraes/go-dispatcher v0.0.1 h1:QfnjKOEt5aw4co+X6cYIzD2aEFz/Jbm9pDeVwlAdbIY=
github.com/vsmoraes/go-dispatcher v0.0.1/go.mod h1:q0Ukz4OPIbQKUl9O54VL4igJbSiwHURDK+uF4jIWl88=
